// !$*UTF8*$!
{
	archiveVersion = 1;
	classes = {
	};
	objectVersion = 50;
	objects = {

/* Begin PBXBuildFile section */
		841553A3229C09F800A9E6EE /* HomeViewController.swift in Sources */ = {isa = PBXBuildFile; fileRef = 841553A2229C09F800A9E6EE /* HomeViewController.swift */; };
		84DAD259229BC7FA000403D1 /* AppDelegate.swift in Sources */ = {isa = PBXBuildFile; fileRef = 84DAD258229BC7FA000403D1 /* AppDelegate.swift */; };
		84DAD25B229BC7FA000403D1 /* ViewController.swift in Sources */ = {isa = PBXBuildFile; fileRef = 84DAD25A229BC7FA000403D1 /* ViewController.swift */; };
		84DAD25E229BC7FA000403D1 /* Main.storyboard in Resources */ = {isa = PBXBuildFile; fileRef = 84DAD25C229BC7FA000403D1 /* Main.storyboard */; };
		84DAD260229BC7FA000403D1 /* Assets.xcassets in Resources */ = {isa = PBXBuildFile; fileRef = 84DAD25F229BC7FA000403D1 /* Assets.xcassets */; };
		84DAD263229BC7FA000403D1 /* LaunchScreen.storyboard in Resources */ = {isa = PBXBuildFile; fileRef = 84DAD261229BC7FA000403D1 /* LaunchScreen.storyboard */; };
		84DAD26C229BC84F000403D1 /* CoreJeuDeMime.swift in Sources */ = {isa = PBXBuildFile; fileRef = 84DAD26B229BC84F000403D1 /* CoreJeuDeMime.swift */; };
		84DAD26E229BC96A000403D1 /* Player.swift in Sources */ = {isa = PBXBuildFile; fileRef = 84DAD26D229BC96A000403D1 /* Player.swift */; };
/* End PBXBuildFile section */

/* Begin PBXFileReference section */
		841553A2229C09F800A9E6EE /* HomeViewController.swift */ = {isa = PBXFileReference; lastKnownFileType = sourcecode.swift; path = HomeViewController.swift; sourceTree = "<group>"; };
		84DAD255229BC7FA000403D1 /* JeudeMimeApp.app */ = {isa = PBXFileReference; explicitFileType = wrapper.application; includeInIndex = 0; path = JeudeMimeApp.app; sourceTree = BUILT_PRODUCTS_DIR; };
		84DAD258229BC7FA000403D1 /* AppDelegate.swift */ = {isa = PBXFileReference; lastKnownFileType = sourcecode.swift; path = AppDelegate.swift; sourceTree = "<group>"; };
		84DAD25A229BC7FA000403D1 /* ViewController.swift */ = {isa = PBXFileReference; lastKnownFileType = sourcecode.swift; path = ViewController.swift; sourceTree = "<group>"; };
		84DAD25D229BC7FA000403D1 /* Base */ = {isa = PBXFileReference; lastKnownFileType = file.storyboard; name = Base; path = Base.lproj/Main.storyboard; sourceTree = "<group>"; };
		84DAD25F229BC7FA000403D1 /* Assets.xcassets */ = {isa = PBXFileReference; lastKnownFileType = folder.assetcatalog; path = Assets.xcassets; sourceTree = "<group>"; };
		84DAD262229BC7FA000403D1 /* Base */ = {isa = PBXFileReference; lastKnownFileType = file.storyboard; name = Base; path = Base.lproj/LaunchScreen.storyboard; sourceTree = "<group>"; };
		84DAD264229BC7FA000403D1 /* Info.plist */ = {isa = PBXFileReference; lastKnownFileType = text.plist.xml; path = Info.plist; sourceTree = "<group>"; };
		84DAD26B229BC84F000403D1 /* CoreJeuDeMime.swift */ = {isa = PBXFileReference; lastKnownFileType = sourcecode.swift; path = CoreJeuDeMime.swift; sourceTree = "<group>"; };
		84DAD26D229BC96A000403D1 /* Player.swift */ = {isa = PBXFileReference; lastKnownFileType = sourcecode.swift; path = Player.swift; sourceTree = "<group>"; };
/* End PBXFileReference section */

/* Begin PBXFrameworksBuildPhase section */
		84DAD252229BC7FA000403D1 /* Frameworks */ = {
			isa = PBXFrameworksBuildPhase;
			buildActionMask = 2147483647;
			files = (
			);
			runOnlyForDeploymentPostprocessing = 0;
		};
/* End PBXFrameworksBuildPhase section */

/* Begin PBXGroup section */
		84DAD24C229BC7FA000403D1 = {
			isa = PBXGroup;
			children = (
				84DAD257229BC7FA000403D1 /* JeudeMimeApp */,
				84DAD256229BC7FA000403D1 /* Products */,
			);
			sourceTree = "<group>";
		};
		84DAD256229BC7FA000403D1 /* Products */ = {
			isa = PBXGroup;
			children = (
				84DAD255229BC7FA000403D1 /* JeudeMimeApp.app */,
			);
			name = Products;
			sourceTree = "<group>";
		};
		84DAD257229BC7FA000403D1 /* JeudeMimeApp */ = {
			isa = PBXGroup;
			children = (
				84DAD26A229BC81C000403D1 /* Core */,
				84DAD258229BC7FA000403D1 /* AppDelegate.swift */,
				84DAD25A229BC7FA000403D1 /* ViewController.swift */,
				841553A2229C09F800A9E6EE /* HomeViewController.swift */,
				84DAD25C229BC7FA000403D1 /* Main.storyboard */,
				84DAD25F229BC7FA000403D1 /* Assets.xcassets */,
				84DAD261229BC7FA000403D1 /* LaunchScreen.storyboard */,
				84DAD264229BC7FA000403D1 /* Info.plist */,
			);
			path = JeudeMimeApp;
			sourceTree = "<group>";
		};
		84DAD26A229BC81C000403D1 /* Core */ = {
			isa = PBXGroup;
			children = (
				84DAD26B229BC84F000403D1 /* CoreJeuDeMime.swift */,
				84DAD26D229BC96A000403D1 /* Player.swift */,
			);
			path = Core;
			sourceTree = "<group>";
		};
/* End PBXGroup section */

/* Begin PBXNativeTarget section */
		84DAD254229BC7FA000403D1 /* JeudeMimeApp */ = {
			isa = PBXNativeTarget;
			buildConfigurationList = 84DAD267229BC7FA000403D1 /* Build configuration list for PBXNativeTarget "JeudeMimeApp" */;
			buildPhases = (
				84DAD251229BC7FA000403D1 /* Sources */,
				84DAD252229BC7FA000403D1 /* Frameworks */,
				84DAD253229BC7FA000403D1 /* Resources */,
			);
			buildRules = (
			);
			dependencies = (
			);
			name = JeudeMimeApp;
			productName = JeudeMimeApp;
			productReference = 84DAD255229BC7FA000403D1 /* JeudeMimeApp.app */;
			productType = "com.apple.product-type.application";
		};
/* End PBXNativeTarget section */

/* Begin PBXProject section */
		84DAD24D229BC7FA000403D1 /* Project object */ = {
			isa = PBXProject;
			attributes = {
				LastSwiftUpdateCheck = 1020;
				LastUpgradeCheck = 1020;
				ORGANIZATIONNAME = "Alexis P";
				TargetAttributes = {
					84DAD254229BC7FA000403D1 = {
						CreatedOnToolsVersion = 10.2;
					};
				};
			};
			buildConfigurationList = 84DAD250229BC7FA000403D1 /* Build configuration list for PBXProject "JeudeMimeApp" */;
			compatibilityVersion = "Xcode 9.3";
			developmentRegion = en;
			hasScannedForEncodings = 0;
			knownRegions = (
				en,
				Base,
			);
			mainGroup = 84DAD24C229BC7FA000403D1;
			productRefGroup = 84DAD256229BC7FA000403D1 /* Products */;
			projectDirPath = "";
			projectRoot = "";
			targets = (
				84DAD254229BC7FA000403D1 /* JeudeMimeApp */,
			);
		};
/* End PBXProject section */

/* Begin PBXResourcesBuildPhase section */
		84DAD253229BC7FA000403D1 /* Resources */ = {
			isa = PBXResourcesBuildPhase;
			buildActionMask = 2147483647;
			files = (
				84DAD263229BC7FA000403D1 /* LaunchScreen.storyboard in Resources */,
				84DAD260229BC7FA000403D1 /* Assets.xcassets in Resources */,
				84DAD25E229BC7FA000403D1 /* Main.storyboard in Resources */,
			);
			runOnlyForDeploymentPostprocessing = 0;
		};
/* End PBXResourcesBuildPhase section */

/* Begin PBXSourcesBuildPhase section */
		84DAD251229BC7FA000403D1 /* Sources */ = {
			isa = PBXSourcesBuildPhase;
			buildActionMask = 2147483647;
			files = (
				84DAD26E229BC96A000403D1 /* Player.swift in Sources */,
				84DAD25B229BC7FA000403D1 /* ViewController.swift in Sources */,
				84DAD259229BC7FA000403D1 /* AppDelegate.swift in Sources */,
				84DAD26C229BC84F000403D1 /* CoreJeuDeMime.swift in Sources */,
				841553A3229C09F800A9E6EE /* HomeViewController.swift in Sources */,
			);
			runOnlyForDeploymentPostprocessing = 0;
		};
/* End PBXSourcesBuildPhase section */

/* Begin PBXVariantGroup section */
		84DAD25C229BC7FA000403D1 /* Main.storyboard */ = {
			isa = PBXVariantGroup;
			children = (
				84DAD25D229BC7FA000403D1 /* Base */,
			);
			name = Main.storyboard;
			sourceTree = "<group>";
		};
		84DAD261229BC7FA000403D1 /* LaunchScreen.storyboard */ = {
			isa = PBXVariantGroup;
			children = (
				84DAD262229BC7FA000403D1 /* Base */,
			);
			name = LaunchScreen.storyboard;
			sourceTree = "<group>";
		};
/* End PBXVariantGroup section */

/* Begin XCBuildConfiguration section */
		84DAD265229BC7FA000403D1 /* Debug */ = {
			isa = XCBuildConfiguration;
			buildSettings = {
				ALWAYS_SEARCH_USER_PATHS = NO;
				CLANG_ANALYZER_NONNULL = YES;
				CLANG_ANALYZER_NUMBER_OBJECT_CONVERSION = YES_AGGRESSIVE;
				CLANG_CXX_LANGUAGE_STANDARD = "gnu++14";
				CLANG_CXX_LIBRARY = "libc++";
				CLANG_ENABLE_MODULES = YES;
				CLANG_ENABLE_OBJC_ARC = YES;
				CLANG_ENABLE_OBJC_WEAK = YES;
				CLANG_WARN_BLOCK_CAPTURE_AUTORELEASING = YES;
				CLANG_WARN_BOOL_CONVERSION = YES;
				CLANG_WARN_COMMA = YES;
				CLANG_WARN_CONSTANT_CONVERSION = YES;
				CLANG_WARN_DEPRECATED_OBJC_IMPLEMENTATIONS = YES;
				CLANG_WARN_DIRECT_OBJC_ISA_USAGE = YES_ERROR;
				CLANG_WARN_DOCUMENTATION_COMMENTS = YES;
				CLANG_WARN_EMPTY_BODY = YES;
				CLANG_WARN_ENUM_CONVERSION = YES;
				CLANG_WARN_INFINITE_RECURSION = YES;
				CLANG_WARN_INT_CONVERSION = YES;
				CLANG_WARN_NON_LITERAL_NULL_CONVERSION = YES;
				CLANG_WARN_OBJC_IMPLICIT_RETAIN_SELF = YES;
				CLANG_WARN_OBJC_LITERAL_CONVERSION = YES;
				CLANG_WARN_OBJC_ROOT_CLASS = YES_ERROR;
				CLANG_WARN_RANGE_LOOP_ANALYSIS = YES;
				CLANG_WARN_STRICT_PROTOTYPES = YES;
				CLANG_WARN_SUSPICIOUS_MOVE = YES;
				CLANG_WARN_UNGUARDED_AVAILABILITY = YES_AGGRESSIVE;
				CLANG_WARN_UNREACHABLE_CODE = YES;
				CLANG_WARN__DUPLICATE_METHOD_MATCH = YES;
				CODE_SIGN_IDENTITY = "iPhone Developer";
				COPY_PHASE_STRIP = NO;
				DEBUG_INFORMATION_FORMAT = dwarf;
				ENABLE_STRICT_OBJC_MSGSEND = YES;
				ENABLE_TESTABILITY = YES;
				GCC_C_LANGUAGE_STANDARD = gnu11;
				GCC_DYNAMIC_NO_PIC = NO;
				GCC_NO_COMMON_BLOCKS = YES;
				GCC_OPTIMIZATION_LEVEL = 0;
				GCC_PREPROCESSOR_DEFINITIONS = (
					"DEBUG=1",
					"$(inherited)",
				);
				GCC_WARN_64_TO_32_BIT_CONVERSION = YES;
				GCC_WARN_ABOUT_RETURN_TYPE = YES_ERROR;
				GCC_WARN_UNDECLARED_SELECTOR = YES;
				GCC_WARN_UNINITIALIZED_AUTOS = YES_AGGRESSIVE;
				GCC_WARN_UNUSED_FUNCTION = YES;
				GCC_WARN_UNUSED_VARIABLE = YES;
				IPHONEOS_DEPLOYMENT_TARGET = 12.2;
				MTL_ENABLE_DEBUG_INFO = INCLUDE_SOURCE;
				MTL_FAST_MATH = YES;
				ONLY_ACTIVE_ARCH = YES;
				SDKROOT = iphoneos;
				SWIFT_ACTIVE_COMPILATION_CONDITIONS = DEBUG;
				SWIFT_OPTIMIZATION_LEVEL = "-Onone";
			};
			name = Debug;
		};
		84DAD266229BC7FA000403D1 /* Release */ = {
			isa = XCBuildConfiguration;
			buildSettings = {
				ALWAYS_SEARCH_USER_PATHS = NO;
				CLANG_ANALYZER_NONNULL = YES;
				CLANG_ANALYZER_NUMBER_OBJECT_CONVERSION = YES_AGGRESSIVE;
				CLANG_CXX_LANGUAGE_STANDARD = "gnu++14";
				CLANG_CXX_LIBRARY = "libc++";
				CLANG_ENABLE_MODULES = YES;
				CLANG_ENABLE_OBJC_ARC = YES;
				CLANG_ENABLE_OBJC_WEAK = YES;
				CLANG_WARN_BLOCK_CAPTURE_AUTORELEASING = YES;
				CLANG_WARN_BOOL_CONVERSION = YES;
				CLANG_WARN_COMMA = YES;
				CLANG_WARN_CONSTANT_CONVERSION = YES;
				CLANG_WARN_DEPRECATED_OBJC_IMPLEMENTATIONS = YES;
				CLANG_WARN_DIRECT_OBJC_ISA_USAGE = YES_ERROR;
				CLANG_WARN_DOCUMENTATION_COMMENTS = YES;
				CLANG_WARN_EMPTY_BODY = YES;
				CLANG_WARN_ENUM_CONVERSION = YES;
				CLANG_WARN_INFINITE_RECURSION = YES;
				CLANG_WARN_INT_CONVERSION = YES;
				CLANG_WARN_NON_LITERAL_NULL_CONVERSION = YES;
				CLANG_WARN_OBJC_IMPLICIT_RETAIN_SELF = YES;
				CLANG_WARN_OBJC_LITERAL_CONVERSION = YES;
				CLANG_WARN_OBJC_ROOT_CLASS = YES_ERROR;
				CLANG_WARN_RANGE_LOOP_ANALYSIS = YES;
				CLANG_WARN_STRICT_PROTOTYPES = YES;
				CLANG_WARN_SUSPICIOUS_MOVE = YES;
				CLANG_WARN_UNGUARDED_AVAILABILITY = YES_AGGRESSIVE;
				CLANG_WARN_UNREACHABLE_CODE = YES;
				CLANG_WARN__DUPLICATE_METHOD_MATCH = YES;
				CODE_SIGN_IDENTITY = "iPhone Developer";
				COPY_PHASE_STRIP = NO;
				DEBUG_INFORMATION_FORMAT = "dwarf-with-dsym";
				ENABLE_NS_ASSERTIONS = NO;
				ENABLE_STRICT_OBJC_MSGSEND = YES;
				GCC_C_LANGUAGE_STANDARD = gnu11;
				GCC_NO_COMMON_BLOCKS = YES;
				GCC_WARN_64_TO_32_BIT_CONVERSION = YES;
				GCC_WARN_ABOUT_RETURN_TYPE = YES_ERROR;
				GCC_WARN_UNDECLARED_SELECTOR = YES;
				GCC_WARN_UNINITIALIZED_AUTOS = YES_AGGRESSIVE;
				GCC_WARN_UNUSED_FUNCTION = YES;
				GCC_WARN_UNUSED_VARIABLE = YES;
				IPHONEOS_DEPLOYMENT_TARGET = 12.2;
				MTL_ENABLE_DEBUG_INFO = NO;
				MTL_FAST_MATH = YES;
				SDKROOT = iphoneos;
				SWIFT_COMPILATION_MODE = wholemodule;
				SWIFT_OPTIMIZATION_LEVEL = "-O";
				VALIDATE_PRODUCT = YES;
			};
			name = Release;
		};
		84DAD268229BC7FA000403D1 /* Debug */ = {
			isa = XCBuildConfiguration;
			buildSettings = {
				ASSETCATALOG_COMPILER_APPICON_NAME = AppIcon;
				CODE_SIGN_STYLE = Automatic;
				INFOPLIST_FILE = JeudeMimeApp/Info.plist;
				LD_RUNPATH_SEARCH_PATHS = (
					"$(inherited)",
					"@executable_path/Frameworks",
				);
				PRODUCT_BUNDLE_IDENTIFIER = fr.humanbooster.jeudemime.app.JeudeMimeApp;
				PRODUCT_NAME = "$(TARGET_NAME)";
				SWIFT_VERSION = 5.0;
				TARGETED_DEVICE_FAMILY = "1,2";
			};
			name = Debug;
		};
		84DAD269229BC7FA000403D1 /* Release */ = {
			isa = XCBuildConfiguration;
			buildSettings = {
				ASSETCATALOG_COMPILER_APPICON_NAME = AppIcon;
				CODE_SIGN_STYLE = Automatic;
				INFOPLIST_FILE = JeudeMimeApp/Info.plist;
				LD_RUNPATH_SEARCH_PATHS = (
					"$(inherited)",
					"@executable_path/Frameworks",
				);
				PRODUCT_BUNDLE_IDENTIFIER = fr.humanbooster.jeudemime.app.JeudeMimeApp;
				PRODUCT_NAME = "$(TARGET_NAME)";
				SWIFT_VERSION = 5.0;
				TARGETED_DEVICE_FAMILY = "1,2";
			};
			name = Release;
		};
/* End XCBuildConfiguration section */

/* Begin XCConfigurationList section */
		84DAD250229BC7FA000403D1 /* Build configuration list for PBXProject "JeudeMimeApp" */ = {
			isa = XCConfigurationList;
			buildConfigurations = (
				84DAD265229BC7FA000403D1 /* Debug */,
				84DAD266229BC7FA000403D1 /* Release */,
			);
			defaultConfigurationIsVisible = 0;
			defaultConfigurationName = Release;
		};
		84DAD267229BC7FA000403D1 /* Build configuration list for PBXNativeTarget "JeudeMimeApp" */ = {
			isa = XCConfigurationList;
			buildConfigurations = (
				84DAD268229BC7FA000403D1 /* Debug */,
				84DAD269229BC7FA000403D1 /* Release */,
			);
			defaultConfigurationIsVisible = 0;
			defaultConfigurationName = Release;
		};
/* End XCConfigurationList section */
	};
	rootObject = 84DAD24D229BC7FA000403D1 /* Project object */;
}
